// !$*UTF8*$!
{
	archiveVersion = 1;
	classes = {
	};
	objectVersion = 50;
	objects = {

/* Begin PBXBuildFile section */
		042FCC6D2571DC8700D445D8 /* SettingsRowView.swift in Sources */ = {isa = PBXBuildFile; fileRef = 042FCC6C2571DC8700D445D8 /* SettingsRowView.swift */; };
		043631BF256EAE420027754E /* FruitDetailView.swift in Sources */ = {isa = PBXBuildFile; fileRef = 043631BE256EAE420027754E /* FruitDetailView.swift */; };
		043631C2256EDFE40027754E /* FruitHeaderVeiw.swift in Sources */ = {isa = PBXBuildFile; fileRef = 043631C1256EDFE40027754E /* FruitHeaderVeiw.swift */; };
		047BEDE9256A8CAC000A6321 /* FructusApp.swift in Sources */ = {isa = PBXBuildFile; fileRef = 047BEDE8256A8CAC000A6321 /* FructusApp.swift */; };
		047BEDEB256A8CAC000A6321 /* ContentView.swift in Sources */ = {isa = PBXBuildFile; fileRef = 047BEDEA256A8CAC000A6321 /* ContentView.swift */; };
		047BEDED256A8CAD000A6321 /* Assets.xcassets in Resources */ = {isa = PBXBuildFile; fileRef = 047BEDEC256A8CAD000A6321 /* Assets.xcassets */; };
		047BEDF0256A8CAD000A6321 /* Preview Assets.xcassets in Resources */ = {isa = PBXBuildFile; fileRef = 047BEDEF256A8CAD000A6321 /* Preview Assets.xcassets */; };
		047BEDFD256AB950000A6321 /* FruitCardView.swift in Sources */ = {isa = PBXBuildFile; fileRef = 047BEDFC256AB950000A6321 /* FruitCardView.swift */; };
		047BEE02256ABFCA000A6321 /* StartButtonView.swift in Sources */ = {isa = PBXBuildFile; fileRef = 047BEE01256ABFCA000A6321 /* StartButtonView.swift */; };
		047BEE05256AC328000A6321 /* OnboardingView.swift in Sources */ = {isa = PBXBuildFile; fileRef = 047BEE04256AC328000A6321 /* OnboardingView.swift */; };
		048531F9256D658B00132560 /* FruitRowView.swift in Sources */ = {isa = PBXBuildFile; fileRef = 048531F8256D658B00132560 /* FruitRowView.swift */; };
		04885AC0256C155C00FE2B54 /* FruitsModel.swift in Sources */ = {isa = PBXBuildFile; fileRef = 04885ABF256C155C00FE2B54 /* FruitsModel.swift */; };
		04885AC5256C184C00FE2B54 /* FruitData.swift in Sources */ = {isa = PBXBuildFile; fileRef = 04885AC4256C184C00FE2B54 /* FruitData.swift */; };
		04AC281B256FF425007CCDF5 /* SourceLinkView.swift in Sources */ = {isa = PBXBuildFile; fileRef = 04AC281A256FF425007CCDF5 /* SourceLinkView.swift */; };
		04AC281E25701478007CCDF5 /* FruitNutrientsView.swift in Sources */ = {isa = PBXBuildFile; fileRef = 04AC281D25701478007CCDF5 /* FruitNutrientsView.swift */; };
		04BDEF6725715DF5006C5C97 /* SettingsView.swift in Sources */ = {isa = PBXBuildFile; fileRef = 04BDEF6625715DF5006C5C97 /* SettingsView.swift */; };
		04BDEF6A25716555006C5C97 /* SettingsLabelView.swift in Sources */ = {isa = PBXBuildFile; fileRef = 04BDEF6925716555006C5C97 /* SettingsLabelView.swift */; };
/* End PBXBuildFile section */

/* Begin PBXFileReference section */
		042FCC6C2571DC8700D445D8 /* SettingsRowView.swift */ = {isa = PBXFileReference; lastKnownFileType = sourcecode.swift; path = SettingsRowView.swift; sourceTree = "<group>"; };
		043631BE256EAE420027754E /* FruitDetailView.swift */ = {isa = PBXFileReference; lastKnownFileType = sourcecode.swift; path = FruitDetailView.swift; sourceTree = "<group>"; };
		043631C1256EDFE40027754E /* FruitHeaderVeiw.swift */ = {isa = PBXFileReference; lastKnownFileType = sourcecode.swift; path = FruitHeaderVeiw.swift; sourceTree = "<group>"; };
		047BEDE5256A8CAC000A6321 /* Fructus.app */ = {isa = PBXFileReference; explicitFileType = wrapper.application; includeInIndex = 0; path = Fructus.app; sourceTree = BUILT_PRODUCTS_DIR; };
		047BEDE8256A8CAC000A6321 /* FructusApp.swift */ = {isa = PBXFileReference; lastKnownFileType = sourcecode.swift; path = FructusApp.swift; sourceTree = "<group>"; };
		047BEDEA256A8CAC000A6321 /* ContentView.swift */ = {isa = PBXFileReference; lastKnownFileType = sourcecode.swift; path = ContentView.swift; sourceTree = "<group>"; };
		047BEDEC256A8CAD000A6321 /* Assets.xcassets */ = {isa = PBXFileReference; lastKnownFileType = folder.assetcatalog; path = Assets.xcassets; sourceTree = "<group>"; };
		047BEDEF256A8CAD000A6321 /* Preview Assets.xcassets */ = {isa = PBXFileReference; lastKnownFileType = folder.assetcatalog; path = "Preview Assets.xcassets"; sourceTree = "<group>"; };
		047BEDF1256A8CAE000A6321 /* Info.plist */ = {isa = PBXFileReference; lastKnownFileType = text.plist.xml; path = Info.plist; sourceTree = "<group>"; };
		047BEDFC256AB950000A6321 /* FruitCardView.swift */ = {isa = PBXFileReference; lastKnownFileType = sourcecode.swift; name = FruitCardView.swift; path = Fructus/View/FruitCardView.swift; sourceTree = SOURCE_ROOT; };
		047BEE01256ABFCA000A6321 /* StartButtonView.swift */ = {isa = PBXFileReference; lastKnownFileType = sourcecode.swift; path = StartButtonView.swift; sourceTree = "<group>"; };
		047BEE04256AC328000A6321 /* OnboardingView.swift */ = {isa = PBXFileReference; lastKnownFileType = sourcecode.swift; path = OnboardingView.swift; sourceTree = "<group>"; };
		048531F8256D658B00132560 /* FruitRowView.swift */ = {isa = PBXFileReference; lastKnownFileType = sourcecode.swift; path = FruitRowView.swift; sourceTree = "<group>"; };
		04885ABF256C155C00FE2B54 /* FruitsModel.swift */ = {isa = PBXFileReference; lastKnownFileType = sourcecode.swift; path = FruitsModel.swift; sourceTree = "<group>"; };
		04885AC4256C184C00FE2B54 /* FruitData.swift */ = {isa = PBXFileReference; lastKnownFileType = sourcecode.swift; path = FruitData.swift; sourceTree = "<group>"; };
		04AC281A256FF425007CCDF5 /* SourceLinkView.swift */ = {isa = PBXFileReference; lastKnownFileType = sourcecode.swift; path = SourceLinkView.swift; sourceTree = "<group>"; };
		04AC281D25701478007CCDF5 /* FruitNutrientsView.swift */ = {isa = PBXFileReference; lastKnownFileType = sourcecode.swift; path = FruitNutrientsView.swift; sourceTree = "<group>"; };
		04BDEF6625715DF5006C5C97 /* SettingsView.swift */ = {isa = PBXFileReference; lastKnownFileType = sourcecode.swift; path = SettingsView.swift; sourceTree = "<group>"; };
		04BDEF6925716555006C5C97 /* SettingsLabelView.swift */ = {isa = PBXFileReference; lastKnownFileType = sourcecode.swift; path = SettingsLabelView.swift; sourceTree = "<group>"; };
/* End PBXFileReference section */

/* Begin PBXFrameworksBuildPhase section */
		047BEDE2256A8CAC000A6321 /* Frameworks */ = {
			isa = PBXFrameworksBuildPhase;
			buildActionMask = 2147483647;
			files = (
			);
			runOnlyForDeploymentPostprocessing = 0;
		};
/* End PBXFrameworksBuildPhase section */

/* Begin PBXGroup section */
		047BEDDC256A8CAC000A6321 = {
			isa = PBXGroup;
			children = (
				047BEDE7256A8CAC000A6321 /* Fructus */,
				047BEDE6256A8CAC000A6321 /* Products */,
			);
			sourceTree = "<group>";
		};
		047BEDE6256A8CAC000A6321 /* Products */ = {
			isa = PBXGroup;
			children = (
				047BEDE5256A8CAC000A6321 /* Fructus.app */,
			);
			name = Products;
			sourceTree = "<group>";
		};
		047BEDE7256A8CAC000A6321 /* Fructus */ = {
			isa = PBXGroup;
			children = (
				04885AC3256C17D200FE2B54 /* Data */,
				04885ABE256C153D00FE2B54 /* Model */,
				047BEDFB256AB8F0000A6321 /* View */,
				047BEDF9256AB8E2000A6321 /* App */,
				047BEDEC256A8CAD000A6321 /* Assets.xcassets */,
				047BEDF1256A8CAE000A6321 /* Info.plist */,
				047BEDEE256A8CAD000A6321 /* Preview Content */,
			);
			path = Fructus;
			sourceTree = "<group>";
		};
		047BEDEE256A8CAD000A6321 /* Preview Content */ = {
			isa = PBXGroup;
			children = (
				047BEDEF256A8CAD000A6321 /* Preview Assets.xcassets */,
			);
			path = "Preview Content";
			sourceTree = "<group>";
		};
		047BEDF9256AB8E2000A6321 /* App */ = {
			isa = PBXGroup;
			children = (
				047BEDE8256A8CAC000A6321 /* FructusApp.swift */,
				047BEDEA256A8CAC000A6321 /* ContentView.swift */,
				047BEE04256AC328000A6321 /* OnboardingView.swift */,
				043631BE256EAE420027754E /* FruitDetailView.swift */,
				04BDEF6625715DF5006C5C97 /* SettingsView.swift */,
			);
			path = App;
			sourceTree = "<group>";
		};
		047BEDFB256AB8F0000A6321 /* View */ = {
			isa = PBXGroup;
			children = (
				047BEDFC256AB950000A6321 /* FruitCardView.swift */,
				047BEE01256ABFCA000A6321 /* StartButtonView.swift */,
				048531F8256D658B00132560 /* FruitRowView.swift */,
				043631C1256EDFE40027754E /* FruitHeaderVeiw.swift */,
				04AC281A256FF425007CCDF5 /* SourceLinkView.swift */,
				04AC281D25701478007CCDF5 /* FruitNutrientsView.swift */,
				04BDEF6925716555006C5C97 /* SettingsLabelView.swift */,
				042FCC6C2571DC8700D445D8 /* SettingsRowView.swift */,
			);
			path = View;
			sourceTree = "<group>";
		};
		04885ABE256C153D00FE2B54 /* Model */ = {
			isa = PBXGroup;
			children = (
				04885ABF256C155C00FE2B54 /* FruitsModel.swift */,
			);
			path = Model;
			sourceTree = "<group>";
		};
		04885AC3256C17D200FE2B54 /* Data */ = {
			isa = PBXGroup;
			children = (
				04885AC4256C184C00FE2B54 /* FruitData.swift */,
			);
			path = Data;
			sourceTree = "<group>";
		};
/* End PBXGroup section */

/* Begin PBXNativeTarget section */
		047BEDE4256A8CAC000A6321 /* Fructus */ = {
			isa = PBXNativeTarget;
			buildConfigurationList = 047BEDF4256A8CAE000A6321 /* Build configuration list for PBXNativeTarget "Fructus" */;
			buildPhases = (
				047BEDE1256A8CAC000A6321 /* Sources */,
				047BEDE2256A8CAC000A6321 /* Frameworks */,
				047BEDE3256A8CAC000A6321 /* Resources */,
			);
			buildRules = (
			);
			dependencies = (
			);
			name = Fructus;
			productName = Fructus;
			productReference = 047BEDE5256A8CAC000A6321 /* Fructus.app */;
			productType = "com.apple.product-type.application";
		};
/* End PBXNativeTarget section */

/* Begin PBXProject section */
		047BEDDD256A8CAC000A6321 /* Project object */ = {
			isa = PBXProject;
			attributes = {
				LastSwiftUpdateCheck = 1220;
				LastUpgradeCheck = 1220;
				TargetAttributes = {
					047BEDE4256A8CAC000A6321 = {
						CreatedOnToolsVersion = 12.2;
					};
				};
			};
			buildConfigurationList = 047BEDE0256A8CAC000A6321 /* Build configuration list for PBXProject "Fructus" */;
			compatibilityVersion = "Xcode 9.3";
			developmentRegion = en;
			hasScannedForEncodings = 0;
			knownRegions = (
				en,
				Base,
			);
			mainGroup = 047BEDDC256A8CAC000A6321;
			productRefGroup = 047BEDE6256A8CAC000A6321 /* Products */;
			projectDirPath = "";
			projectRoot = "";
			targets = (
				047BEDE4256A8CAC000A6321 /* Fructus */,
			);
		};
/* End PBXProject section */

/* Begin PBXResourcesBuildPhase section */
		047BEDE3256A8CAC000A6321 /* Resources */ = {
			isa = PBXResourcesBuildPhase;
			buildActionMask = 2147483647;
			files = (
				047BEDF0256A8CAD000A6321 /* Preview Assets.xcassets in Resources */,
				047BEDED256A8CAD000A6321 /* Assets.xcassets in Resources */,
			);
			runOnlyForDeploymentPostprocessing = 0;
		};
/* End PBXResourcesBuildPhase section */

/* Begin PBXSourcesBuildPhase section */
		047BEDE1256A8CAC000A6321 /* Sources */ = {
			isa = PBXSourcesBuildPhase;
			buildActionMask = 2147483647;
			files = (
				04885AC5256C184C00FE2B54 /* FruitData.swift in Sources */,
				04AC281B256FF425007CCDF5 /* SourceLinkView.swift in Sources */,
				042FCC6D2571DC8700D445D8 /* SettingsRowView.swift in Sources */,
				047BEDFD256AB950000A6321 /* FruitCardView.swift in Sources */,
				048531F9256D658B00132560 /* FruitRowView.swift in Sources */,
				04AC281E25701478007CCDF5 /* FruitNutrientsView.swift in Sources */,
				047BEE02256ABFCA000A6321 /* StartButtonView.swift in Sources */,
				043631C2256EDFE40027754E /* FruitHeaderVeiw.swift in Sources */,
				043631BF256EAE420027754E /* FruitDetailView.swift in Sources */,
				04885AC0256C155C00FE2B54 /* FruitsModel.swift in Sources */,
				047BEDEB256A8CAC000A6321 /* ContentView.swift in Sources */,
				04BDEF6A25716555006C5C97 /* SettingsLabelView.swift in Sources */,
				047BEE05256AC328000A6321 /* OnboardingView.swift in Sources */,
				047BEDE9256A8CAC000A6321 /* FructusApp.swift in Sources */,
				04BDEF6725715DF5006C5C97 /* SettingsView.swift in Sources */,
			);
			runOnlyForDeploymentPostprocessing = 0;
		};
/* End PBXSourcesBuildPhase section */

/* Begin XCBuildConfiguration section */
		047BEDF2256A8CAE000A6321 /* Debug */ = {
			isa = XCBuildConfiguration;
			buildSettings = {
				ALWAYS_SEARCH_USER_PATHS = NO;
				CLANG_ANALYZER_NONNULL = YES;
				CLANG_ANALYZER_NUMBER_OBJECT_CONVERSION = YES_AGGRESSIVE;
				CLANG_CXX_LANGUAGE_STANDARD = "gnu++14";
				CLANG_CXX_LIBRARY = "libc++";
				CLANG_ENABLE_MODULES = YES;
				CLANG_ENABLE_OBJC_ARC = YES;
				CLANG_ENABLE_OBJC_WEAK = YES;
				CLANG_WARN_BLOCK_CAPTURE_AUTORELEASING = YES;
				CLANG_WARN_BOOL_CONVERSION = YES;
				CLANG_WARN_COMMA = YES;
				CLANG_WARN_CONSTANT_CONVERSION = YES;
				CLANG_WARN_DEPRECATED_OBJC_IMPLEMENTATIONS = YES;
				CLANG_WARN_DIRECT_OBJC_ISA_USAGE = YES_ERROR;
				CLANG_WARN_DOCUMENTATION_COMMENTS = YES;
				CLANG_WARN_EMPTY_BODY = YES;
				CLANG_WARN_ENUM_CONVERSION = YES;
				CLANG_WARN_INFINITE_RECURSION = YES;
				CLANG_WARN_INT_CONVERSION = YES;
				CLANG_WARN_NON_LITERAL_NULL_CONVERSION = YES;
				CLANG_WARN_OBJC_IMPLICIT_RETAIN_SELF = YES;
				CLANG_WARN_OBJC_LITERAL_CONVERSION = YES;
				CLANG_WARN_OBJC_ROOT_CLASS = YES_ERROR;
				CLANG_WARN_QUOTED_INCLUDE_IN_FRAMEWORK_HEADER = YES;
				CLANG_WARN_RANGE_LOOP_ANALYSIS = YES;
				CLANG_WARN_STRICT_PROTOTYPES = YES;
				CLANG_WARN_SUSPICIOUS_MOVE = YES;
				CLANG_WARN_UNGUARDED_AVAILABILITY = YES_AGGRESSIVE;
				CLANG_WARN_UNREACHABLE_CODE = YES;
				CLANG_WARN__DUPLICATE_METHOD_MATCH = YES;
				COPY_PHASE_STRIP = NO;
				DEBUG_INFORMATION_FORMAT = dwarf;
				ENABLE_STRICT_OBJC_MSGSEND = YES;
				ENABLE_TESTABILITY = YES;
				GCC_C_LANGUAGE_STANDARD = gnu11;
				GCC_DYNAMIC_NO_PIC = NO;
				GCC_NO_COMMON_BLOCKS = YES;
				GCC_OPTIMIZATION_LEVEL = 0;
				GCC_PREPROCESSOR_DEFINITIONS = (
					"DEBUG=1",
					"$(inherited)",
				);
				GCC_WARN_64_TO_32_BIT_CONVERSION = YES;
				GCC_WARN_ABOUT_RETURN_TYPE = YES_ERROR;
				GCC_WARN_UNDECLARED_SELECTOR = YES;
				GCC_WARN_UNINITIALIZED_AUTOS = YES_AGGRESSIVE;
				GCC_WARN_UNUSED_FUNCTION = YES;
				GCC_WARN_UNUSED_VARIABLE = YES;
				IPHONEOS_DEPLOYMENT_TARGET = 14.2;
				MTL_ENABLE_DEBUG_INFO = INCLUDE_SOURCE;
				MTL_FAST_MATH = YES;
				ONLY_ACTIVE_ARCH = YES;
				SDKROOT = iphoneos;
				SWIFT_ACTIVE_COMPILATION_CONDITIONS = DEBUG;
				SWIFT_OPTIMIZATION_LEVEL = "-Onone";
			};
			name = Debug;
		};
		047BEDF3256A8CAE000A6321 /* Release */ = {
			isa = XCBuildConfiguration;
			buildSettings = {
				ALWAYS_SEARCH_USER_PATHS = NO;
				CLANG_ANALYZER_NONNULL = YES;
				CLANG_ANALYZER_NUMBER_OBJECT_CONVERSION = YES_AGGRESSIVE;
				CLANG_CXX_LANGUAGE_STANDARD = "gnu++14";
				CLANG_CXX_LIBRARY = "libc++";
				CLANG_ENABLE_MODULES = YES;
				CLANG_ENABLE_OBJC_ARC = YES;
				CLANG_ENABLE_OBJC_WEAK = YES;
				CLANG_WARN_BLOCK_CAPTURE_AUTORELEASING = YES;
				CLANG_WARN_BOOL_CONVERSION = YES;
				CLANG_WARN_COMMA = YES;
				CLANG_WARN_CONSTANT_CONVERSION = YES;
				CLANG_WARN_DEPRECATED_OBJC_IMPLEMENTATIONS = YES;
				CLANG_WARN_DIRECT_OBJC_ISA_USAGE = YES_ERROR;
				CLANG_WARN_DOCUMENTATION_COMMENTS = YES;
				CLANG_WARN_EMPTY_BODY = YES;
				CLANG_WARN_ENUM_CONVERSION = YES;
				CLANG_WARN_INFINITE_RECURSION = YES;
				CLANG_WARN_INT_CONVERSION = YES;
				CLANG_WARN_NON_LITERAL_NULL_CONVERSION = YES;
				CLANG_WARN_OBJC_IMPLICIT_RETAIN_SELF = YES;
				CLANG_WARN_OBJC_LITERAL_CONVERSION = YES;
				CLANG_WARN_OBJC_ROOT_CLASS = YES_ERROR;
				CLANG_WARN_QUOTED_INCLUDE_IN_FRAMEWORK_HEADER = YES;
				CLANG_WARN_RANGE_LOOP_ANALYSIS = YES;
				CLANG_WARN_STRICT_PROTOTYPES = YES;
				CLANG_WARN_SUSPICIOUS_MOVE = YES;
				CLANG_WARN_UNGUARDED_AVAILABILITY = YES_AGGRESSIVE;
				CLANG_WARN_UNREACHABLE_CODE = YES;
				CLANG_WARN__DUPLICATE_METHOD_MATCH = YES;
				COPY_PHASE_STRIP = NO;
				DEBUG_INFORMATION_FORMAT = "dwarf-with-dsym";
				ENABLE_NS_ASSERTIONS = NO;
				ENABLE_STRICT_OBJC_MSGSEND = YES;
				GCC_C_LANGUAGE_STANDARD = gnu11;
				GCC_NO_COMMON_BLOCKS = YES;
				GCC_WARN_64_TO_32_BIT_CONVERSION = YES;
				GCC_WARN_ABOUT_RETURN_TYPE = YES_ERROR;
				GCC_WARN_UNDECLARED_SELECTOR = YES;
				GCC_WARN_UNINITIALIZED_AUTOS = YES_AGGRESSIVE;
				GCC_WARN_UNUSED_FUNCTION = YES;
				GCC_WARN_UNUSED_VARIABLE = YES;
				IPHONEOS_DEPLOYMENT_TARGET = 14.2;
				MTL_ENABLE_DEBUG_INFO = NO;
				MTL_FAST_MATH = YES;
				SDKROOT = iphoneos;
				SWIFT_COMPILATION_MODE = wholemodule;
				SWIFT_OPTIMIZATION_LEVEL = "-O";
				VALIDATE_PRODUCT = YES;
			};
			name = Release;
		};
		047BEDF5256A8CAE000A6321 /* Debug */ = {
			isa = XCBuildConfiguration;
			buildSettings = {
				ASSETCATALOG_COMPILER_APPICON_NAME = AppIcon;
				ASSETCATALOG_COMPILER_GLOBAL_ACCENT_COLOR_NAME = AccentColor;
				CODE_SIGN_STYLE = Automatic;
				DEVELOPMENT_ASSET_PATHS = "\"Fructus/Preview Content\"";
				DEVELOPMENT_TEAM = 644348XHYH;
				ENABLE_PREVIEWS = YES;
				INFOPLIST_FILE = Fructus/Info.plist;
				IPHONEOS_DEPLOYMENT_TARGET = 14.0;
				LD_RUNPATH_SEARCH_PATHS = (
					"$(inherited)",
					"@executable_path/Frameworks",
				);
				PRODUCT_BUNDLE_IDENTIFIER = com.raghavacodes.Fructus;
				PRODUCT_NAME = "$(TARGET_NAME)";
				SWIFT_VERSION = 5.0;
				TARGETED_DEVICE_FAMILY = "1,2";
			};
			name = Debug;
		};
		047BEDF6256A8CAE000A6321 /* Release */ = {
			isa = XCBuildConfiguration;
			buildSettings = {
				ASSETCATALOG_COMPILER_APPICON_NAME = AppIcon;
				ASSETCATALOG_COMPILER_GLOBAL_ACCENT_COLOR_NAME = AccentColor;
				CODE_SIGN_STYLE = Automatic;
				DEVELOPMENT_ASSET_PATHS = "\"Fructus/Preview Content\"";
				DEVELOPMENT_TEAM = 644348XHYH;
				ENABLE_PREVIEWS = YES;
				INFOPLIST_FILE = Fructus/Info.plist;
				IPHONEOS_DEPLOYMENT_TARGET = 14.0;
				LD_RUNPATH_SEARCH_PATHS = (
					"$(inherited)",
					"@executable_path/Frameworks",
				);
				PRODUCT_BUNDLE_IDENTIFIER = com.raghavacodes.Fructus;
				PRODUCT_NAME = "$(TARGET_NAME)";
				SWIFT_VERSION = 5.0;
				TARGETED_DEVICE_FAMILY = "1,2";
			};
			name = Release;
		};
/* End XCBuildConfiguration section */

/* Begin XCConfigurationList section */
		047BEDE0256A8CAC000A6321 /* Build configuration list for PBXProject "Fructus" */ = {
			isa = XCConfigurationList;
			buildConfigurations = (
				047BEDF2256A8CAE000A6321 /* Debug */,
				047BEDF3256A8CAE000A6321 /* Release */,
			);
			defaultConfigurationIsVisible = 0;
			defaultConfigurationName = Release;
		};
		047BEDF4256A8CAE000A6321 /* Build configuration list for PBXNativeTarget "Fructus" */ = {
			isa = XCConfigurationList;
			buildConfigurations = (
				047BEDF5256A8CAE000A6321 /* Debug */,
				047BEDF6256A8CAE000A6321 /* Release */,
			);
			defaultConfigurationIsVisible = 0;
			defaultConfigurationName = Release;
		};
/* End XCConfigurationList section */
	};
	rootObject = 047BEDDD256A8CAC000A6321 /* Project object */;
}
